
Microsoft Visual Studio Solution File, Format Version 12.00
# Visual Studio 15
VisualStudioVersion = 15.0.28307.1705
MinimumVisualStudioVersion = 10.0.40219.1
Project("{FAE04EC0-301F-11D3-BF4B-00C04F79EFBC}") = "FED1Studio", "FED1Studio\FED1Studio.csproj", "{A49DA3B7-F4C2-4E24-A91B-DC13979A8113}"
EndProject
Global
	GlobalSection(SolutionConfigurationPlatforms) = preSolution
		Debug|Any CPU = Debug|Any CPU
		Release|Any CPU = Release|Any CPU
	EndGlobalSection
	GlobalSection(ProjectConfigurationPlatforms) = postSolution
		{A49DA3B7-F4C2-4E24-A91B-DC13979A8113}.Debug|Any CPU.ActiveCfg = Debug|Any CPU
		{A49DA3B7-F4C2-4E24-A91B-DC13979A8113}.Debug|Any CPU.Build.0 = Debug|Any CPU
		{A49DA3B7-F4C2-4E24-A91B-DC13979A8113}.Release|Any CPU.ActiveCfg = Release|Any CPU
		{A49DA3B7-F4C2-4E24-A91B-DC13979A8113}.Release|Any CPU.Build.0 = Release|Any CPU
	EndGlobalSection
	GlobalSection(SolutionProperties) = preSolution
		HideSolutionNode = FALSE
	EndGlobalSection
	GlobalSection(ExtensibilityGlobals) = postSolution
		SolutionGuid = {7B0DCD37-6355-4100-9A0F-BBEE6AD0CA73}
	EndGlobalSection
EndGlobal
